{
  "name": ".opencode",
  "version": "file:../repos/dotfiles/.opencode",
  "lockfileVersion": 3,
  "requires": true,
  "packages": {
    "": {
      "dependencies": {
        "@opencode-ai/plugin": "0.0.0-dev-202604021024"
      }
    },
    "../repos/dotfiles/.opencode/node_modules/@opencode-ai/plugin": {
      "version": "0.0.0-dev-202604021024",
      "resolved": "https://registry.npmjs.org/@opencode-ai/plugin/-/plugin-0.0.0-dev-202604021024.tgz",
      "integrity": "sha512-Ig4ACw4TPlB/8MNeqyXYprLvM0gQI/kfZFGdXKo4i5IQljzF9ALWDIZo/56juAGX842wbi6stC9KUKK0SHvtLA==",
      "license": "MIT",
      "dependencies": {
        "@opencode-ai/sdk": "0.0.0-dev-202604021024",
        "zod": "4.1.8"
      },
      "peerDependencies": {
        "@opentui/core": ">=0.1.95",
        "@opentui/solid": ">=0.1.95"
      },
      "peerDependenciesMeta": {
        "@opentui/core": {
          "optional": true
        },
        "@opentui/solid": {
          "optional": true
        }
      }
    },
    "../repos/dotfiles/.opencode/node_modules/@opencode-ai/sdk": {
      "version": "0.0.0-dev-202604021024",
      "resolved": "https://registry.npmjs.org/@opencode-ai/sdk/-/sdk-0.0.0-dev-202604021024.tgz",
      "integrity": "sha512-wLwOvAIOFXzI91y9GQFxEEHnOefLp45RWVfcLXTlNklf8OItO01OnDYEQVuzWLBPRVNVV02v2g0ZqnpNnkQ3SA==",
      "license": "MIT"
    },
    "../repos/dotfiles/.opencode/node_modules/zod": {
      "version": "4.1.8",
      "resolved": "https://registry.npmjs.org/zod/-/zod-4.1.8.tgz",
      "integrity": "sha512-5R1P+WwQqmmMIEACyzSvo4JXHY5WiAFHRMg+zBZKgKS+Q1viRa0C1hmUKtHltoIFKtIdki3pRxkmpP74jnNYHQ==",
      "license": "MIT",
      "funding": {
        "url": "https://github.com/sponsors/colinhacks"
      }
    }
  }
}
